
Microsoft Visual Studio Solution File, Format Version 12.00
# Visual Studio Version 17
VisualStudioVersion = 17.9.34616.47
MinimumVisualStudioVersion = 10.0.40219.1
Project("{FAE04EC0-301F-11D3-BF4B-00C04F79EFBC}") = "Business", "Business\Business.csproj", "{D4EAD102-0099-48DF-B65F-A7A0109E614C}"
EndProject
Project("{FAE04EC0-301F-11D3-BF4B-00C04F79EFBC}") = "Data", "Data\Data.csproj", "{1A03FCB4-79DD-4696-B557-0FD9DF2E526F}"
EndProject
Project("{FAE04EC0-301F-11D3-BF4B-00C04F79EFBC}") = "ModelL", "Model\ModelL.csproj", "{49D76CCA-31F9-4A92-97EB-4CD13BAB9AED}"
EndProject
Project("{FAE04EC0-301F-11D3-BF4B-00C04F79EFBC}") = "Presentation", "Presentation\Presentation.csproj", "{5016A009-D71F-4CFA-81DC-DE756D3C2449}"
EndProject
Global
	GlobalSection(SolutionConfigurationPlatforms) = preSolution
		Debug|Any CPU = Debug|Any CPU
		Release|Any CPU = Release|Any CPU
	EndGlobalSection
	GlobalSection(ProjectConfigurationPlatforms) = postSolution
		{D4EAD102-0099-48DF-B65F-A7A0109E614C}.Debug|Any CPU.ActiveCfg = Debug|Any CPU
		{D4EAD102-0099-48DF-B65F-A7A0109E614C}.Debug|Any CPU.Build.0 = Debug|Any CPU
		{D4EAD102-0099-48DF-B65F-A7A0109E614C}.Release|Any CPU.ActiveCfg = Release|Any CPU
		{D4EAD102-0099-48DF-B65F-A7A0109E614C}.Release|Any CPU.Build.0 = Release|Any CPU
		{1A03FCB4-79DD-4696-B557-0FD9DF2E526F}.Debug|Any CPU.ActiveCfg = Debug|Any CPU
		{1A03FCB4-79DD-4696-B557-0FD9DF2E526F}.Debug|Any CPU.Build.0 = Debug|Any CPU
		{1A03FCB4-79DD-4696-B557-0FD9DF2E526F}.Release|Any CPU.ActiveCfg = Release|Any CPU
		{1A03FCB4-79DD-4696-B557-0FD9DF2E526F}.Release|Any CPU.Build.0 = Release|Any CPU
		{49D76CCA-31F9-4A92-97EB-4CD13BAB9AED}.Debug|Any CPU.ActiveCfg = Debug|Any CPU
		{49D76CCA-31F9-4A92-97EB-4CD13BAB9AED}.Debug|Any CPU.Build.0 = Debug|Any CPU
		{49D76CCA-31F9-4A92-97EB-4CD13BAB9AED}.Release|Any CPU.ActiveCfg = Release|Any CPU
		{49D76CCA-31F9-4A92-97EB-4CD13BAB9AED}.Release|Any CPU.Build.0 = Release|Any CPU
		{5016A009-D71F-4CFA-81DC-DE756D3C2449}.Debug|Any CPU.ActiveCfg = Debug|Any CPU
		{5016A009-D71F-4CFA-81DC-DE756D3C2449}.Debug|Any CPU.Build.0 = Debug|Any CPU
		{5016A009-D71F-4CFA-81DC-DE756D3C2449}.Release|Any CPU.ActiveCfg = Release|Any CPU
		{5016A009-D71F-4CFA-81DC-DE756D3C2449}.Release|Any CPU.Build.0 = Release|Any CPU
	EndGlobalSection
	GlobalSection(SolutionProperties) = preSolution
		HideSolutionNode = FALSE
	EndGlobalSection
	GlobalSection(ExtensibilityGlobals) = postSolution
		SolutionGuid = {024B05F6-7DC3-4D7B-B8A6-67C5FB8D4ABC}
	EndGlobalSection
EndGlobal
